
Microsoft Visual Studio Solution File, Format Version 12.00
Project("{FAE04EC0-301F-11D3-BF4B-00C04F79EFBC}") = "MarkdownParser", "MarkdownParser\MarkdownParser.csproj", "{8342CDB2-8CBC-4429-9C53-A1D8031FC064}"
EndProject
Project("{FAE04EC0-301F-11D3-BF4B-00C04F79EFBC}") = "Markdown.Tests", "Markdown.Tests\Markdown.Tests.csproj", "{12F07FE5-25F1-4F9C-89D5-4082640DEDC0}"
EndProject
Global
	GlobalSection(SolutionConfigurationPlatforms) = preSolution
		Debug|Any CPU = Debug|Any CPU
		Release|Any CPU = Release|Any CPU
	EndGlobalSection
	GlobalSection(ProjectConfigurationPlatforms) = postSolution
		{8342CDB2-8CBC-4429-9C53-A1D8031FC064}.Debug|Any CPU.ActiveCfg = Debug|Any CPU
		{8342CDB2-8CBC-4429-9C53-A1D8031FC064}.Debug|Any CPU.Build.0 = Debug|Any CPU
		{8342CDB2-8CBC-4429-9C53-A1D8031FC064}.Release|Any CPU.ActiveCfg = Release|Any CPU
		{8342CDB2-8CBC-4429-9C53-A1D8031FC064}.Release|Any CPU.Build.0 = Release|Any CPU
		{12F07FE5-25F1-4F9C-89D5-4082640DEDC0}.Debug|Any CPU.ActiveCfg = Debug|Any CPU
		{12F07FE5-25F1-4F9C-89D5-4082640DEDC0}.Debug|Any CPU.Build.0 = Debug|Any CPU
		{12F07FE5-25F1-4F9C-89D5-4082640DEDC0}.Release|Any CPU.ActiveCfg = Release|Any CPU
		{12F07FE5-25F1-4F9C-89D5-4082640DEDC0}.Release|Any CPU.Build.0 = Release|Any CPU
	EndGlobalSection
EndGlobal
